<?xml version="1.0" encoding="utf-8"?>
<Project ToolsVersion="4.0" xmlns="http://schemas.microsoft.com/developer/msbuild/2003">
  <ItemGroup>
    <Filter Include="Source Files">
      <UniqueIdentifier>{9ad2c234-e212-496a-94c9-2264e8b2e389}</UniqueIdentifier>
      <Extensions>cpp;c;cxx;rc;def;r;odl;idl;hpj;bat</Extensions>
    </Filter>
    <Filter Include="Header Files">
      <UniqueIdentifier>{761ffa86-d8e4-4737-950a-b8913c737caa}</UniqueIdentifier>
      <Extensions>h;hpp;hxx;hm;inl</Extensions>
    </Filter>
    <Filter Include="Resource Files">
      <UniqueIdentifier>{3719fd18-c2a0-493f-b31d-6ba669062056}</UniqueIdentifier>
      <Extensions>ico;cur;bmp;dlg;rc2;rct;bin;rgs;gif;jpg;jpeg;jpe</Extensions>
    </Filter>
  </ItemGroup>
  <ItemGroup>
    <ClCompile Include="..\..\Source\Cashregister.c">
      <Filter>Source Files</Filter>
    </ClCompile>
    <ClCompile Include="..\..\Source\Main.c">
      <Filter>Source Files</Filter>
    </ClCompile>
    <ClCompile Include="..\..\Source\Productdatabase.c">
      <Filter>Source Files</Filter>
    </ClCompile>
    <ClCompile Include="..\..\Source\Specialoffer.c">
      <Filter>Source Files</Filter>
    </ClCompile>
    <ClCompile Include="..\..\Source\Userinterface.c">
      <Filter>Source Files</Filter>
    </ClCompile>
  </ItemGroup>
  <ItemGroup>
    <ClInclude Include="..\..\Source\Cashregister.h">
      <Filter>Header Files</Filter>
    </ClInclude>
    <ClInclude Include="..\..\Source\Countedproduct.h">
      <Filter>Header Files</Filter>
    </ClInclude>
    <ClInclude Include="..\..\Source\Misrac_types.h">
      <Filter>Header Files</Filter>
    </ClInclude>
    <ClInclude Include="..\..\Source\Product.h">
      <Filter>Header Files</Filter>
    </ClInclude>
    <ClInclude Include="..\..\Source\Productdatabase.h">
      <Filter>Header Files</Filter>
    </ClInclude>
    <ClInclude Include="..\..\Source\Specialoffer.h">
      <Filter>Header Files</Filter>
    </ClInclude>
    <ClInclude Include="..\..\Source\Userinterface.h">
      <Filter>Header Files</Filter>
    </ClInclude>
  </ItemGroup>
</Project>